github.com/theTardigrade/golang-infiniteBitmask v1.2.13 h1:3f3iPRHi0p/tjnkXNFLUX11gMoRJtzvCB5hEnIN4wcE=
github.com/theTardigrade/golang-infiniteBitmask v1.2.13/go.mod h1:Utuz6RIOghH3EUE9ANL4WkqRTAuec0aYWflva7sm8ws=
github.com/theTardigrade/golang-infiniteBitmask v1.2.41 h1:vjnbnH7936uAmfmhpH2xUiduoHGG89Jm+okbWFE8pwc=
github.com/theTardigrade/golang-infiniteBitmask v1.2.41/go.mod h1:LqiH77Z2MEDzM/S/Ud2I63YZ53h3R2iKqmwcADSaZcM=
